
Microsoft Visual Studio Solution File, Format Version 12.00
# Visual Studio Version 16
VisualStudioVersion = 16.0.29324.140
MinimumVisualStudioVersion = 10.0.40219.1
Project("{9A19103F-16F7-4668-BE54-9A1E7A4F7556}") = "Prism.Avalonia", "src\Prism.Avalonia\Prism.Avalonia.csproj", "{F4A9F2F0-979F-4964-8BC8-A39F4816803B}"
EndProject
Project("{2150E333-8FDC-42A3-9474-1A3956D46DE8}") = "Tests", "Tests", "{39E6F304-1371-4D33-807F-A003D97E74F7}"
EndProject
Project("{9A19103F-16F7-4668-BE54-9A1E7A4F7556}") = "Prism.DryIoc.Avalonia", "src\Prism.DryIoc.Avalonia\Prism.DryIoc.Avalonia.csproj", "{A379E2C8-BD9A-42A1-8218-CED3C0D75E64}"
EndProject
Project("{9A19103F-16F7-4668-BE54-9A1E7A4F7556}") = "Prism.Avalonia.Tests", "tests\Prism.Avalonia.Tests\Prism.Avalonia.Tests.csproj", "{AEBAD7FD-65FD-4E15-AAC2-80DE2EBF6772}"
EndProject
Project("{9A19103F-16F7-4668-BE54-9A1E7A4F7556}") = "Prism.IocContainer.Avalonia.Tests.Support", "tests\Prism.IocContainer.Avalonia.Tests.Support\Prism.IocContainer.Avalonia.Tests.Support.csproj", "{1AA1618B-07E6-4419-A338-55FA7BE5E69B}"
EndProject
Project("{9A19103F-16F7-4668-BE54-9A1E7A4F7556}") = "Prism.DryIoc.Avalonia.Tests", "tests\Prism.DryIoc.Avalonia.Tests\Prism.DryIoc.Avalonia.Tests.csproj", "{619A6E89-2507-424B-97EF-2C5BD704FE0F}"
EndProject
Project("{9A19103F-16F7-4668-BE54-9A1E7A4F7556}") = "Prism.Autofac.Avalonia", "src\Prism.Autofac.Avalonia\Prism.Autofac.Avalonia.csproj", "{4832BCCC-9273-4D9A-BFDD-55786A46CCFD}"
EndProject
Project("{9A19103F-16F7-4668-BE54-9A1E7A4F7556}") = "Prism.Autofac.Avalonia.Tests", "tests\Prism.Autofac.Avalonia.Tests\Prism.Autofac.Avalonia.Tests.csproj", "{227C6D7E-9BFA-4521-B451-32B0CF3447E5}"
EndProject
Project("{2150E333-8FDC-42A3-9474-1A3956D46DE8}") = "Source", "Source", "{70B9D432-E8BD-4EB9-9CA8-E63E2C804F3F}"
EndProject
Project("{2150E333-8FDC-42A3-9474-1A3956D46DE8}") = "Samples", "Samples", "{5F8D330E-F611-4E17-8217-F2D6CDB8E1F7}"
EndProject
Project("{9A19103F-16F7-4668-BE54-9A1E7A4F7556}") = "BootstrapperShellSample", "samples\BootstrapperShellSample\BootstrapperShellSample.csproj", "{ABBB169C-A49A-46C7-A920-3F0780CBCA04}"
EndProject
Project("{9A19103F-16F7-4668-BE54-9A1E7A4F7556}") = "ViewDiscovery", "samples\ViewDiscovery\ViewDiscovery.csproj", "{5D9978C6-2D59-4040-BCF5-56A49AB586E8}"
EndProject
Project("{2150E333-8FDC-42A3-9474-1A3956D46DE8}") = "DummyModules", "DummyModules", "{E03DB670-BFA9-4E7B-A69C-D1E6B8E1691F}"
EndProject
Project("{9A19103F-16F7-4668-BE54-9A1E7A4F7556}") = "ModulesSample", "samples\ModulesSample\ModulesSample.csproj", "{DCC68F88-29C9-44EF-90E3-685666AFD6AD}"
EndProject
Project("{9A19103F-16F7-4668-BE54-9A1E7A4F7556}") = "DummyModule", "samples\DummyModule\DummyModule.csproj", "{2B315287-FDAE-4092-9A80-7DA07D934BF1}"
EndProject
Project("{9A19103F-16F7-4668-BE54-9A1E7A4F7556}") = "DummyModule2", "samples\DummyModule2\DummyModule2.csproj", "{CC39B117-CA19-4151-8B2E-419514AEAE90}"
EndProject
Project("{2150E333-8FDC-42A3-9474-1A3956D46DE8}") = "ModulesSample", "ModulesSample", "{47BC0E69-AF2D-4C4F-886E-31B61E05C57A}"
EndProject
Project("{9A19103F-16F7-4668-BE54-9A1E7A4F7556}") = "ModulesSample.Infrastructure", "samples\ModulesSample.Infrastructure\ModulesSample.Infrastructure.csproj", "{B7112DF9-D7A1-48B8-8821-CF81D52F793E}"
EndProject
Project("{9A19103F-16F7-4668-BE54-9A1E7A4F7556}") = "Prism.Unity.Avalonia", "src\Prism.Unity.Avalonia\Prism.Unity.Avalonia.csproj", "{87550619-24C8-47ED-917E-EB58D325FC9E}"
EndProject
Project("{9A19103F-16F7-4668-BE54-9A1E7A4F7556}") = "Prism.Unity.Avalonia.Tests", "tests\Prism.Unity.Avalonia.Tests\Prism.Unity.Avalonia.Tests.csproj", "{5F69A3C1-5020-4A7D-8C94-BE0747E0E5A2}"
EndProject
Global
	GlobalSection(SolutionConfigurationPlatforms) = preSolution
		Debug|Any CPU = Debug|Any CPU
		Release|Any CPU = Release|Any CPU
	EndGlobalSection
	GlobalSection(ProjectConfigurationPlatforms) = postSolution
		{F4A9F2F0-979F-4964-8BC8-A39F4816803B}.Debug|Any CPU.ActiveCfg = Debug|Any CPU
		{F4A9F2F0-979F-4964-8BC8-A39F4816803B}.Debug|Any CPU.Build.0 = Debug|Any CPU
		{F4A9F2F0-979F-4964-8BC8-A39F4816803B}.Release|Any CPU.ActiveCfg = Release|Any CPU
		{F4A9F2F0-979F-4964-8BC8-A39F4816803B}.Release|Any CPU.Build.0 = Release|Any CPU
		{A379E2C8-BD9A-42A1-8218-CED3C0D75E64}.Debug|Any CPU.ActiveCfg = Debug|Any CPU
		{A379E2C8-BD9A-42A1-8218-CED3C0D75E64}.Debug|Any CPU.Build.0 = Debug|Any CPU
		{A379E2C8-BD9A-42A1-8218-CED3C0D75E64}.Release|Any CPU.ActiveCfg = Release|Any CPU
		{A379E2C8-BD9A-42A1-8218-CED3C0D75E64}.Release|Any CPU.Build.0 = Release|Any CPU
		{AEBAD7FD-65FD-4E15-AAC2-80DE2EBF6772}.Debug|Any CPU.ActiveCfg = Debug|Any CPU
		{AEBAD7FD-65FD-4E15-AAC2-80DE2EBF6772}.Debug|Any CPU.Build.0 = Debug|Any CPU
		{AEBAD7FD-65FD-4E15-AAC2-80DE2EBF6772}.Release|Any CPU.ActiveCfg = Release|Any CPU
		{AEBAD7FD-65FD-4E15-AAC2-80DE2EBF6772}.Release|Any CPU.Build.0 = Release|Any CPU
		{1AA1618B-07E6-4419-A338-55FA7BE5E69B}.Debug|Any CPU.ActiveCfg = Debug|Any CPU
		{1AA1618B-07E6-4419-A338-55FA7BE5E69B}.Debug|Any CPU.Build.0 = Debug|Any CPU
		{1AA1618B-07E6-4419-A338-55FA7BE5E69B}.Release|Any CPU.ActiveCfg = Release|Any CPU
		{1AA1618B-07E6-4419-A338-55FA7BE5E69B}.Release|Any CPU.Build.0 = Release|Any CPU
		{619A6E89-2507-424B-97EF-2C5BD704FE0F}.Debug|Any CPU.ActiveCfg = Debug|Any CPU
		{619A6E89-2507-424B-97EF-2C5BD704FE0F}.Debug|Any CPU.Build.0 = Debug|Any CPU
		{619A6E89-2507-424B-97EF-2C5BD704FE0F}.Release|Any CPU.ActiveCfg = Release|Any CPU
		{619A6E89-2507-424B-97EF-2C5BD704FE0F}.Release|Any CPU.Build.0 = Release|Any CPU
		{4832BCCC-9273-4D9A-BFDD-55786A46CCFD}.Debug|Any CPU.ActiveCfg = Debug|Any CPU
		{4832BCCC-9273-4D9A-BFDD-55786A46CCFD}.Debug|Any CPU.Build.0 = Debug|Any CPU
		{4832BCCC-9273-4D9A-BFDD-55786A46CCFD}.Release|Any CPU.ActiveCfg = Release|Any CPU
		{4832BCCC-9273-4D9A-BFDD-55786A46CCFD}.Release|Any CPU.Build.0 = Release|Any CPU
		{227C6D7E-9BFA-4521-B451-32B0CF3447E5}.Debug|Any CPU.ActiveCfg = Debug|Any CPU
		{227C6D7E-9BFA-4521-B451-32B0CF3447E5}.Debug|Any CPU.Build.0 = Debug|Any CPU
		{227C6D7E-9BFA-4521-B451-32B0CF3447E5}.Release|Any CPU.ActiveCfg = Release|Any CPU
		{227C6D7E-9BFA-4521-B451-32B0CF3447E5}.Release|Any CPU.Build.0 = Release|Any CPU
		{ABBB169C-A49A-46C7-A920-3F0780CBCA04}.Debug|Any CPU.ActiveCfg = Debug|Any CPU
		{ABBB169C-A49A-46C7-A920-3F0780CBCA04}.Debug|Any CPU.Build.0 = Debug|Any CPU
		{ABBB169C-A49A-46C7-A920-3F0780CBCA04}.Release|Any CPU.ActiveCfg = Release|Any CPU
		{ABBB169C-A49A-46C7-A920-3F0780CBCA04}.Release|Any CPU.Build.0 = Release|Any CPU
		{5D9978C6-2D59-4040-BCF5-56A49AB586E8}.Debug|Any CPU.ActiveCfg = Debug|Any CPU
		{5D9978C6-2D59-4040-BCF5-56A49AB586E8}.Debug|Any CPU.Build.0 = Debug|Any CPU
		{5D9978C6-2D59-4040-BCF5-56A49AB586E8}.Release|Any CPU.ActiveCfg = Release|Any CPU
		{5D9978C6-2D59-4040-BCF5-56A49AB586E8}.Release|Any CPU.Build.0 = Release|Any CPU
		{DCC68F88-29C9-44EF-90E3-685666AFD6AD}.Debug|Any CPU.ActiveCfg = Debug|Any CPU
		{DCC68F88-29C9-44EF-90E3-685666AFD6AD}.Debug|Any CPU.Build.0 = Debug|Any CPU
		{DCC68F88-29C9-44EF-90E3-685666AFD6AD}.Release|Any CPU.ActiveCfg = Release|Any CPU
		{DCC68F88-29C9-44EF-90E3-685666AFD6AD}.Release|Any CPU.Build.0 = Release|Any CPU
		{2B315287-FDAE-4092-9A80-7DA07D934BF1}.Debug|Any CPU.ActiveCfg = Debug|Any CPU
		{2B315287-FDAE-4092-9A80-7DA07D934BF1}.Debug|Any CPU.Build.0 = Debug|Any CPU
		{2B315287-FDAE-4092-9A80-7DA07D934BF1}.Release|Any CPU.ActiveCfg = Release|Any CPU
		{2B315287-FDAE-4092-9A80-7DA07D934BF1}.Release|Any CPU.Build.0 = Release|Any CPU
		{CC39B117-CA19-4151-8B2E-419514AEAE90}.Debug|Any CPU.ActiveCfg = Debug|Any CPU
		{CC39B117-CA19-4151-8B2E-419514AEAE90}.Debug|Any CPU.Build.0 = Debug|Any CPU
		{CC39B117-CA19-4151-8B2E-419514AEAE90}.Release|Any CPU.ActiveCfg = Release|Any CPU
		{CC39B117-CA19-4151-8B2E-419514AEAE90}.Release|Any CPU.Build.0 = Release|Any CPU
		{B7112DF9-D7A1-48B8-8821-CF81D52F793E}.Debug|Any CPU.ActiveCfg = Debug|Any CPU
		{B7112DF9-D7A1-48B8-8821-CF81D52F793E}.Debug|Any CPU.Build.0 = Debug|Any CPU
		{B7112DF9-D7A1-48B8-8821-CF81D52F793E}.Release|Any CPU.ActiveCfg = Release|Any CPU
		{B7112DF9-D7A1-48B8-8821-CF81D52F793E}.Release|Any CPU.Build.0 = Release|Any CPU
		{87550619-24C8-47ED-917E-EB58D325FC9E}.Debug|Any CPU.ActiveCfg = Debug|Any CPU
		{87550619-24C8-47ED-917E-EB58D325FC9E}.Debug|Any CPU.Build.0 = Debug|Any CPU
		{87550619-24C8-47ED-917E-EB58D325FC9E}.Release|Any CPU.ActiveCfg = Release|Any CPU
		{87550619-24C8-47ED-917E-EB58D325FC9E}.Release|Any CPU.Build.0 = Release|Any CPU
		{5F69A3C1-5020-4A7D-8C94-BE0747E0E5A2}.Debug|Any CPU.ActiveCfg = Debug|Any CPU
		{5F69A3C1-5020-4A7D-8C94-BE0747E0E5A2}.Debug|Any CPU.Build.0 = Debug|Any CPU
		{5F69A3C1-5020-4A7D-8C94-BE0747E0E5A2}.Release|Any CPU.ActiveCfg = Release|Any CPU
		{5F69A3C1-5020-4A7D-8C94-BE0747E0E5A2}.Release|Any CPU.Build.0 = Release|Any CPU
	EndGlobalSection
	GlobalSection(SolutionProperties) = preSolution
		HideSolutionNode = FALSE
	EndGlobalSection
	GlobalSection(NestedProjects) = preSolution
		{F4A9F2F0-979F-4964-8BC8-A39F4816803B} = {70B9D432-E8BD-4EB9-9CA8-E63E2C804F3F}
		{A379E2C8-BD9A-42A1-8218-CED3C0D75E64} = {70B9D432-E8BD-4EB9-9CA8-E63E2C804F3F}
		{AEBAD7FD-65FD-4E15-AAC2-80DE2EBF6772} = {39E6F304-1371-4D33-807F-A003D97E74F7}
		{1AA1618B-07E6-4419-A338-55FA7BE5E69B} = {39E6F304-1371-4D33-807F-A003D97E74F7}
		{619A6E89-2507-424B-97EF-2C5BD704FE0F} = {39E6F304-1371-4D33-807F-A003D97E74F7}
		{4832BCCC-9273-4D9A-BFDD-55786A46CCFD} = {70B9D432-E8BD-4EB9-9CA8-E63E2C804F3F}
		{227C6D7E-9BFA-4521-B451-32B0CF3447E5} = {39E6F304-1371-4D33-807F-A003D97E74F7}
		{ABBB169C-A49A-46C7-A920-3F0780CBCA04} = {5F8D330E-F611-4E17-8217-F2D6CDB8E1F7}
		{5D9978C6-2D59-4040-BCF5-56A49AB586E8} = {5F8D330E-F611-4E17-8217-F2D6CDB8E1F7}
		{E03DB670-BFA9-4E7B-A69C-D1E6B8E1691F} = {47BC0E69-AF2D-4C4F-886E-31B61E05C57A}
		{DCC68F88-29C9-44EF-90E3-685666AFD6AD} = {47BC0E69-AF2D-4C4F-886E-31B61E05C57A}
		{2B315287-FDAE-4092-9A80-7DA07D934BF1} = {E03DB670-BFA9-4E7B-A69C-D1E6B8E1691F}
		{CC39B117-CA19-4151-8B2E-419514AEAE90} = {E03DB670-BFA9-4E7B-A69C-D1E6B8E1691F}
		{47BC0E69-AF2D-4C4F-886E-31B61E05C57A} = {5F8D330E-F611-4E17-8217-F2D6CDB8E1F7}
		{B7112DF9-D7A1-48B8-8821-CF81D52F793E} = {47BC0E69-AF2D-4C4F-886E-31B61E05C57A}
		{87550619-24C8-47ED-917E-EB58D325FC9E} = {70B9D432-E8BD-4EB9-9CA8-E63E2C804F3F}
		{5F69A3C1-5020-4A7D-8C94-BE0747E0E5A2} = {39E6F304-1371-4D33-807F-A003D97E74F7}
	EndGlobalSection
	GlobalSection(ExtensibilityGlobals) = postSolution
		SolutionGuid = {D260344D-8648-441D-B85B-9D280005F098}
	EndGlobalSection
EndGlobal
