
Microsoft Visual Studio Solution File, Format Version 12.00
# Visual Studio Version 17
VisualStudioVersion = 17.3.32611.2
MinimumVisualStudioVersion = 10.0.40219.1
Project("{9A19103F-16F7-4668-BE54-9A1E7A4F7556}") = "Prism.Avalonia", "src\Prism.Avalonia\Prism.Avalonia.csproj", "{F4A9F2F0-979F-4964-8BC8-A39F4816803B}"
EndProject
Project("{9A19103F-16F7-4668-BE54-9A1E7A4F7556}") = "Prism.DryIoc.Avalonia", "src\Prism.DryIoc.Avalonia\Prism.DryIoc.Avalonia.csproj", "{A379E2C8-BD9A-42A1-8218-CED3C0D75E64}"
EndProject
Project("{2150E333-8FDC-42A3-9474-1A3956D46DE8}") = "Source", "Source", "{70B9D432-E8BD-4EB9-9CA8-E63E2C804F3F}"
	ProjectSection(SolutionItems) = preProject
		README.md = README.md
	EndProjectSection
EndProject
Project("{2150E333-8FDC-42A3-9474-1A3956D46DE8}") = "Samples", "Samples", "{5F8D330E-F611-4E17-8217-F2D6CDB8E1F7}"
EndProject
Project("{9A19103F-16F7-4668-BE54-9A1E7A4F7556}") = "BootstrapperShellSample", "samples\BootstrapperShellSample\BootstrapperShellSample.csproj", "{ABBB169C-A49A-46C7-A920-3F0780CBCA04}"
EndProject
Project("{9A19103F-16F7-4668-BE54-9A1E7A4F7556}") = "ViewDiscovery", "samples\ViewDiscovery\ViewDiscovery.csproj", "{5D9978C6-2D59-4040-BCF5-56A49AB586E8}"
EndProject
Project("{2150E333-8FDC-42A3-9474-1A3956D46DE8}") = "DummyModules", "DummyModules", "{E03DB670-BFA9-4E7B-A69C-D1E6B8E1691F}"
EndProject
Project("{9A19103F-16F7-4668-BE54-9A1E7A4F7556}") = "ModulesSample", "samples\ModulesSample\ModulesSample.csproj", "{DCC68F88-29C9-44EF-90E3-685666AFD6AD}"
EndProject
Project("{9A19103F-16F7-4668-BE54-9A1E7A4F7556}") = "DummyModule1", "samples\DummyModule1\DummyModule1.csproj", "{2B315287-FDAE-4092-9A80-7DA07D934BF1}"
EndProject
Project("{9A19103F-16F7-4668-BE54-9A1E7A4F7556}") = "DummyModule2", "samples\DummyModule2\DummyModule2.csproj", "{CC39B117-CA19-4151-8B2E-419514AEAE90}"
EndProject
Project("{2150E333-8FDC-42A3-9474-1A3956D46DE8}") = "ModulesSample", "ModulesSample", "{47BC0E69-AF2D-4C4F-886E-31B61E05C57A}"
EndProject
Project("{9A19103F-16F7-4668-BE54-9A1E7A4F7556}") = "ModulesSample.Infrastructure", "samples\ModulesSample.Infrastructure\ModulesSample.Infrastructure.csproj", "{B7112DF9-D7A1-48B8-8821-CF81D52F793E}"
EndProject
Project("{9A19103F-16F7-4668-BE54-9A1E7A4F7556}") = "Prism.Unity.Avalonia", "src\Prism.Unity.Avalonia\Prism.Unity.Avalonia.csproj", "{87550619-24C8-47ED-917E-EB58D325FC9E}"
EndProject
Project("{2150E333-8FDC-42A3-9474-1A3956D46DE8}") = "Build", "Build", "{A1A058C5-0059-44D1-94EE-C90FD3E36E4F}"
	ProjectSection(SolutionItems) = preProject
		build\AvaloniaDependency.props = build\AvaloniaDependency.props
		build\Base.props = build\Base.props
		build\BuildTargets.props = build\BuildTargets.props
		build\EmbedXaml.props = build\EmbedXaml.props
		build\Library.props = build\Library.props
		build\Nuget.props = build\Nuget.props
		build\PrismDependency.props = build\PrismDependency.props
		build\SampleApp.props = build\SampleApp.props
	EndProjectSection
EndProject
Project("{2150E333-8FDC-42A3-9474-1A3956D46DE8}") = "Avalonia", "Avalonia", "{9FF880E7-B56A-4E8E-9226-90A928FDE3AB}"
EndProject
Project("{2150E333-8FDC-42A3-9474-1A3956D46DE8}") = "Containers", "Containers", "{366415D3-E0ED-449C-99E2-A258F6A566F6}"
EndProject
Project("{D954291E-2A0B-460D-934E-DC6B0785DB48}") = "Prism.DryIoc.Shared", "src\Containers\Prism.DryIoc.Shared\Prism.DryIoc.Shared.shproj", "{6E7EC81D-DA39-4C4F-A898-0148558C34F4}"
EndProject
Project("{D954291E-2A0B-460D-934E-DC6B0785DB48}") = "Prism.Unity.Shared", "src\Containers\Prism.Unity.Shared\Prism.Unity.Shared.shproj", "{D66336A6-07E5-401A-A710-DAEDD6975D59}"
EndProject
Project("{9A19103F-16F7-4668-BE54-9A1E7A4F7556}") = "BasicMvvmApp", "samples\SampleMvvmApp\BasicMvvmApp.csproj", "{7AF14280-214B-4A96-AFE8-CF063E2B6CA4}"
EndProject
Project("{2150E333-8FDC-42A3-9474-1A3956D46DE8}") = "tests", "tests", "{966DDDE9-D31A-404B-9F24-5378DE8A12C8}"
EndProject
Project("{2150E333-8FDC-42A3-9474-1A3956D46DE8}") = "Avalonia", "Avalonia", "{AD4FDFF7-8F44-41AD-809B-C96A5AF2BC57}"
EndProject
Project("{D954291E-2A0B-460D-934E-DC6B0785DB48}") = "Prism.Container.Avalonia.Shared", "tests\Avalonia\Prism.Container.Avalonia.Shared\Prism.Container.Avalonia.Shared.shproj", "{340538B6-0781-470E-8BD1-7B7735FDC554}"
EndProject
Global
	GlobalSection(SolutionConfigurationPlatforms) = preSolution
		Debug|Any CPU = Debug|Any CPU
		Release|Any CPU = Release|Any CPU
	EndGlobalSection
	GlobalSection(ProjectConfigurationPlatforms) = postSolution
		{F4A9F2F0-979F-4964-8BC8-A39F4816803B}.Debug|Any CPU.ActiveCfg = Debug|Any CPU
		{F4A9F2F0-979F-4964-8BC8-A39F4816803B}.Debug|Any CPU.Build.0 = Debug|Any CPU
		{F4A9F2F0-979F-4964-8BC8-A39F4816803B}.Release|Any CPU.ActiveCfg = Release|Any CPU
		{F4A9F2F0-979F-4964-8BC8-A39F4816803B}.Release|Any CPU.Build.0 = Release|Any CPU
		{A379E2C8-BD9A-42A1-8218-CED3C0D75E64}.Debug|Any CPU.ActiveCfg = Debug|Any CPU
		{A379E2C8-BD9A-42A1-8218-CED3C0D75E64}.Debug|Any CPU.Build.0 = Debug|Any CPU
		{A379E2C8-BD9A-42A1-8218-CED3C0D75E64}.Release|Any CPU.ActiveCfg = Release|Any CPU
		{A379E2C8-BD9A-42A1-8218-CED3C0D75E64}.Release|Any CPU.Build.0 = Release|Any CPU
		{ABBB169C-A49A-46C7-A920-3F0780CBCA04}.Debug|Any CPU.ActiveCfg = Debug|Any CPU
		{ABBB169C-A49A-46C7-A920-3F0780CBCA04}.Debug|Any CPU.Build.0 = Debug|Any CPU
		{ABBB169C-A49A-46C7-A920-3F0780CBCA04}.Release|Any CPU.ActiveCfg = Release|Any CPU
		{ABBB169C-A49A-46C7-A920-3F0780CBCA04}.Release|Any CPU.Build.0 = Release|Any CPU
		{5D9978C6-2D59-4040-BCF5-56A49AB586E8}.Debug|Any CPU.ActiveCfg = Debug|Any CPU
		{5D9978C6-2D59-4040-BCF5-56A49AB586E8}.Debug|Any CPU.Build.0 = Debug|Any CPU
		{5D9978C6-2D59-4040-BCF5-56A49AB586E8}.Release|Any CPU.ActiveCfg = Release|Any CPU
		{5D9978C6-2D59-4040-BCF5-56A49AB586E8}.Release|Any CPU.Build.0 = Release|Any CPU
		{DCC68F88-29C9-44EF-90E3-685666AFD6AD}.Debug|Any CPU.ActiveCfg = Debug|Any CPU
		{DCC68F88-29C9-44EF-90E3-685666AFD6AD}.Debug|Any CPU.Build.0 = Debug|Any CPU
		{DCC68F88-29C9-44EF-90E3-685666AFD6AD}.Release|Any CPU.ActiveCfg = Release|Any CPU
		{DCC68F88-29C9-44EF-90E3-685666AFD6AD}.Release|Any CPU.Build.0 = Release|Any CPU
		{2B315287-FDAE-4092-9A80-7DA07D934BF1}.Debug|Any CPU.ActiveCfg = Debug|Any CPU
		{2B315287-FDAE-4092-9A80-7DA07D934BF1}.Debug|Any CPU.Build.0 = Debug|Any CPU
		{2B315287-FDAE-4092-9A80-7DA07D934BF1}.Release|Any CPU.ActiveCfg = Release|Any CPU
		{2B315287-FDAE-4092-9A80-7DA07D934BF1}.Release|Any CPU.Build.0 = Release|Any CPU
		{CC39B117-CA19-4151-8B2E-419514AEAE90}.Debug|Any CPU.ActiveCfg = Debug|Any CPU
		{CC39B117-CA19-4151-8B2E-419514AEAE90}.Debug|Any CPU.Build.0 = Debug|Any CPU
		{CC39B117-CA19-4151-8B2E-419514AEAE90}.Release|Any CPU.ActiveCfg = Release|Any CPU
		{CC39B117-CA19-4151-8B2E-419514AEAE90}.Release|Any CPU.Build.0 = Release|Any CPU
		{B7112DF9-D7A1-48B8-8821-CF81D52F793E}.Debug|Any CPU.ActiveCfg = Debug|Any CPU
		{B7112DF9-D7A1-48B8-8821-CF81D52F793E}.Debug|Any CPU.Build.0 = Debug|Any CPU
		{B7112DF9-D7A1-48B8-8821-CF81D52F793E}.Release|Any CPU.ActiveCfg = Release|Any CPU
		{B7112DF9-D7A1-48B8-8821-CF81D52F793E}.Release|Any CPU.Build.0 = Release|Any CPU
		{87550619-24C8-47ED-917E-EB58D325FC9E}.Debug|Any CPU.ActiveCfg = Debug|Any CPU
		{87550619-24C8-47ED-917E-EB58D325FC9E}.Debug|Any CPU.Build.0 = Debug|Any CPU
		{87550619-24C8-47ED-917E-EB58D325FC9E}.Release|Any CPU.ActiveCfg = Release|Any CPU
		{87550619-24C8-47ED-917E-EB58D325FC9E}.Release|Any CPU.Build.0 = Release|Any CPU
		{7AF14280-214B-4A96-AFE8-CF063E2B6CA4}.Debug|Any CPU.ActiveCfg = Debug|Any CPU
		{7AF14280-214B-4A96-AFE8-CF063E2B6CA4}.Debug|Any CPU.Build.0 = Debug|Any CPU
		{7AF14280-214B-4A96-AFE8-CF063E2B6CA4}.Release|Any CPU.ActiveCfg = Release|Any CPU
		{7AF14280-214B-4A96-AFE8-CF063E2B6CA4}.Release|Any CPU.Build.0 = Release|Any CPU
	EndGlobalSection
	GlobalSection(SolutionProperties) = preSolution
		HideSolutionNode = FALSE
	EndGlobalSection
	GlobalSection(NestedProjects) = preSolution
		{F4A9F2F0-979F-4964-8BC8-A39F4816803B} = {9FF880E7-B56A-4E8E-9226-90A928FDE3AB}
		{A379E2C8-BD9A-42A1-8218-CED3C0D75E64} = {9FF880E7-B56A-4E8E-9226-90A928FDE3AB}
		{ABBB169C-A49A-46C7-A920-3F0780CBCA04} = {5F8D330E-F611-4E17-8217-F2D6CDB8E1F7}
		{5D9978C6-2D59-4040-BCF5-56A49AB586E8} = {5F8D330E-F611-4E17-8217-F2D6CDB8E1F7}
		{E03DB670-BFA9-4E7B-A69C-D1E6B8E1691F} = {47BC0E69-AF2D-4C4F-886E-31B61E05C57A}
		{DCC68F88-29C9-44EF-90E3-685666AFD6AD} = {47BC0E69-AF2D-4C4F-886E-31B61E05C57A}
		{2B315287-FDAE-4092-9A80-7DA07D934BF1} = {E03DB670-BFA9-4E7B-A69C-D1E6B8E1691F}
		{CC39B117-CA19-4151-8B2E-419514AEAE90} = {E03DB670-BFA9-4E7B-A69C-D1E6B8E1691F}
		{47BC0E69-AF2D-4C4F-886E-31B61E05C57A} = {5F8D330E-F611-4E17-8217-F2D6CDB8E1F7}
		{B7112DF9-D7A1-48B8-8821-CF81D52F793E} = {47BC0E69-AF2D-4C4F-886E-31B61E05C57A}
		{87550619-24C8-47ED-917E-EB58D325FC9E} = {9FF880E7-B56A-4E8E-9226-90A928FDE3AB}
		{9FF880E7-B56A-4E8E-9226-90A928FDE3AB} = {70B9D432-E8BD-4EB9-9CA8-E63E2C804F3F}
		{366415D3-E0ED-449C-99E2-A258F6A566F6} = {70B9D432-E8BD-4EB9-9CA8-E63E2C804F3F}
		{6E7EC81D-DA39-4C4F-A898-0148558C34F4} = {366415D3-E0ED-449C-99E2-A258F6A566F6}
		{D66336A6-07E5-401A-A710-DAEDD6975D59} = {366415D3-E0ED-449C-99E2-A258F6A566F6}
		{7AF14280-214B-4A96-AFE8-CF063E2B6CA4} = {5F8D330E-F611-4E17-8217-F2D6CDB8E1F7}
		{AD4FDFF7-8F44-41AD-809B-C96A5AF2BC57} = {966DDDE9-D31A-404B-9F24-5378DE8A12C8}
		{340538B6-0781-470E-8BD1-7B7735FDC554} = {AD4FDFF7-8F44-41AD-809B-C96A5AF2BC57}
	EndGlobalSection
	GlobalSection(ExtensibilityGlobals) = postSolution
		SolutionGuid = {D260344D-8648-441D-B85B-9D280005F098}
	EndGlobalSection
	GlobalSection(SharedMSBuildProjectFiles) = preSolution
		tests\Avalonia\Prism.Container.Avalonia.Shared\Prism.Container.Avalonia.Shared.projitems*{340538b6-0781-470e-8bd1-7b7735fdc554}*SharedItemsImports = 13
		src\Containers\Prism.DryIoc.Shared\Prism.DryIoc.Shared.projitems*{6e7ec81d-da39-4c4f-a898-0148558c34f4}*SharedItemsImports = 13
		src\Containers\Prism.Unity.Shared\Prism.Unity.Shared.projitems*{87550619-24c8-47ed-917e-eb58d325fc9e}*SharedItemsImports = 5
		src\Containers\Prism.DryIoc.Shared\Prism.DryIoc.Shared.projitems*{a379e2c8-bd9a-42a1-8218-ced3c0d75e64}*SharedItemsImports = 5
		src\Containers\Prism.Unity.Shared\Prism.Unity.Shared.projitems*{d66336a6-07e5-401a-a710-daedd6975d59}*SharedItemsImports = 13
	EndGlobalSection
EndGlobal
